// !$*UTF8*$!
{
	archiveVersion = 1;
	classes = {
	};
	objectVersion = 46;
	objects = {

/* Begin PBXBuildFile section */
		EE5559B61A65830F00A11A03 /* AppDelegate.swift in Sources */ = {isa = PBXBuildFile; fileRef = EE5559B51A65830F00A11A03 /* AppDelegate.swift */; };
		EE5559B81A65830F00A11A03 /* ViewController.swift in Sources */ = {isa = PBXBuildFile; fileRef = EE5559B71A65830F00A11A03 /* ViewController.swift */; };
		EE5559BB1A65830F00A11A03 /* Main.storyboard in Resources */ = {isa = PBXBuildFile; fileRef = EE5559B91A65830F00A11A03 /* Main.storyboard */; };
		EE5559BD1A65830F00A11A03 /* Images.xcassets in Resources */ = {isa = PBXBuildFile; fileRef = EE5559BC1A65830F00A11A03 /* Images.xcassets */; };
		EE5559C01A65830F00A11A03 /* LaunchScreen.xib in Resources */ = {isa = PBXBuildFile; fileRef = EE5559BE1A65830F00A11A03 /* LaunchScreen.xib */; };
		EE5559CC1A65831000A11A03 /* CircleProgressViewSampleTests.swift in Sources */ = {isa = PBXBuildFile; fileRef = EE5559CB1A65831000A11A03 /* CircleProgressViewSampleTests.swift */; };
/* End PBXBuildFile section */

/* Begin PBXContainerItemProxy section */
		EE5559C61A65831000A11A03 /* PBXContainerItemProxy */ = {
			isa = PBXContainerItemProxy;
			containerPortal = EE5559A81A65830F00A11A03 /* Project object */;
			proxyType = 1;
			remoteGlobalIDString = EE5559AF1A65830F00A11A03;
			remoteInfo = CircleProgressViewSample;
		};
/* End PBXContainerItemProxy section */

/* Begin PBXFileReference section */
		EE5559B01A65830F00A11A03 /* CircleProgressViewSample.app */ = {isa = PBXFileReference; explicitFileType = wrapper.application; includeInIndex = 0; path = CircleProgressViewSample.app; sourceTree = BUILT_PRODUCTS_DIR; };
		EE5559B41A65830F00A11A03 /* Info.plist */ = {isa = PBXFileReference; lastKnownFileType = text.plist.xml; path = Info.plist; sourceTree = "<group>"; };
		EE5559B51A65830F00A11A03 /* AppDelegate.swift */ = {isa = PBXFileReference; lastKnownFileType = sourcecode.swift; path = AppDelegate.swift; sourceTree = "<group>"; };
		EE5559B71A65830F00A11A03 /* ViewController.swift */ = {isa = PBXFileReference; lastKnownFileType = sourcecode.swift; path = ViewController.swift; sourceTree = "<group>"; };
		EE5559BA1A65830F00A11A03 /* Base */ = {isa = PBXFileReference; lastKnownFileType = file.storyboard; name = Base; path = Base.lproj/Main.storyboard; sourceTree = "<group>"; };
		EE5559BC1A65830F00A11A03 /* Images.xcassets */ = {isa = PBXFileReference; lastKnownFileType = folder.assetcatalog; path = Images.xcassets; sourceTree = "<group>"; };
		EE5559BF1A65830F00A11A03 /* Base */ = {isa = PBXFileReference; lastKnownFileType = file.xib; name = Base; path = Base.lproj/LaunchScreen.xib; sourceTree = "<group>"; };
		EE5559C51A65831000A11A03 /* CircleProgressViewSampleTests.xctest */ = {isa = PBXFileReference; explicitFileType = wrapper.cfbundle; includeInIndex = 0; path = CircleProgressViewSampleTests.xctest; sourceTree = BUILT_PRODUCTS_DIR; };
		EE5559CA1A65831000A11A03 /* Info.plist */ = {isa = PBXFileReference; lastKnownFileType = text.plist.xml; path = Info.plist; sourceTree = "<group>"; };
		EE5559CB1A65831000A11A03 /* CircleProgressViewSampleTests.swift */ = {isa = PBXFileReference; lastKnownFileType = sourcecode.swift; path = CircleProgressViewSampleTests.swift; sourceTree = "<group>"; };
/* End PBXFileReference section */

/* Begin PBXFrameworksBuildPhase section */
		EE5559AD1A65830F00A11A03 /* Frameworks */ = {
			isa = PBXFrameworksBuildPhase;
			buildActionMask = 2147483647;
			files = (
			);
			runOnlyForDeploymentPostprocessing = 0;
		};
		EE5559C21A65831000A11A03 /* Frameworks */ = {
			isa = PBXFrameworksBuildPhase;
			buildActionMask = 2147483647;
			files = (
			);
			runOnlyForDeploymentPostprocessing = 0;
		};
/* End PBXFrameworksBuildPhase section */

/* Begin PBXGroup section */
		EE5559A71A65830F00A11A03 = {
			isa = PBXGroup;
			children = (
				EE5559B21A65830F00A11A03 /* CircleProgressViewSample */,
				EE5559C81A65831000A11A03 /* CircleProgressViewSampleTests */,
				EE5559B11A65830F00A11A03 /* Products */,
			);
			sourceTree = "<group>";
		};
		EE5559B11A65830F00A11A03 /* Products */ = {
			isa = PBXGroup;
			children = (
				EE5559B01A65830F00A11A03 /* CircleProgressViewSample.app */,
				EE5559C51A65831000A11A03 /* CircleProgressViewSampleTests.xctest */,
			);
			name = Products;
			sourceTree = "<group>";
		};
		EE5559B21A65830F00A11A03 /* CircleProgressViewSample */ = {
			isa = PBXGroup;
			children = (
				EE5559B51A65830F00A11A03 /* AppDelegate.swift */,
				EE5559B71A65830F00A11A03 /* ViewController.swift */,
				EE5559B91A65830F00A11A03 /* Main.storyboard */,
				EE5559BC1A65830F00A11A03 /* Images.xcassets */,
				EE5559BE1A65830F00A11A03 /* LaunchScreen.xib */,
				EE5559B31A65830F00A11A03 /* Supporting Files */,
			);
			path = CircleProgressViewSample;
			sourceTree = "<group>";
		};
		EE5559B31A65830F00A11A03 /* Supporting Files */ = {
			isa = PBXGroup;
			children = (
				EE5559B41A65830F00A11A03 /* Info.plist */,
			);
			name = "Supporting Files";
			sourceTree = "<group>";
		};
		EE5559C81A65831000A11A03 /* CircleProgressViewSampleTests */ = {
			isa = PBXGroup;
			children = (
				EE5559CB1A65831000A11A03 /* CircleProgressViewSampleTests.swift */,
				EE5559C91A65831000A11A03 /* Supporting Files */,
			);
			path = CircleProgressViewSampleTests;
			sourceTree = "<group>";
		};
		EE5559C91A65831000A11A03 /* Supporting Files */ = {
			isa = PBXGroup;
			children = (
				EE5559CA1A65831000A11A03 /* Info.plist */,
			);
			name = "Supporting Files";
			sourceTree = "<group>";
		};
/* End PBXGroup section */

/* Begin PBXNativeTarget section */
		EE5559AF1A65830F00A11A03 /* CircleProgressViewSample */ = {
			isa = PBXNativeTarget;
			buildConfigurationList = EE5559CF1A65831000A11A03 /* Build configuration list for PBXNativeTarget "CircleProgressViewSample" */;
			buildPhases = (
				EE5559AC1A65830F00A11A03 /* Sources */,
				EE5559AD1A65830F00A11A03 /* Frameworks */,
				EE5559AE1A65830F00A11A03 /* Resources */,
			);
			buildRules = (
			);
			dependencies = (
			);
			name = CircleProgressViewSample;
			productName = CircleProgressViewSample;
			productReference = EE5559B01A65830F00A11A03 /* CircleProgressViewSample.app */;
			productType = "com.apple.product-type.application";
		};
		EE5559C41A65831000A11A03 /* CircleProgressViewSampleTests */ = {
			isa = PBXNativeTarget;
			buildConfigurationList = EE5559D21A65831000A11A03 /* Build configuration list for PBXNativeTarget "CircleProgressViewSampleTests" */;
			buildPhases = (
				EE5559C11A65831000A11A03 /* Sources */,
				EE5559C21A65831000A11A03 /* Frameworks */,
				EE5559C31A65831000A11A03 /* Resources */,
			);
			buildRules = (
			);
			dependencies = (
				EE5559C71A65831000A11A03 /* PBXTargetDependency */,
			);
			name = CircleProgressViewSampleTests;
			productName = CircleProgressViewSampleTests;
			productReference = EE5559C51A65831000A11A03 /* CircleProgressViewSampleTests.xctest */;
			productType = "com.apple.product-type.bundle.unit-test";
		};
/* End PBXNativeTarget section */

/* Begin PBXProject section */
		EE5559A81A65830F00A11A03 /* Project object */ = {
			isa = PBXProject;
			attributes = {
				LastUpgradeCheck = 0610;
				ORGANIZATIONNAME = "Kuze Masanori";
				TargetAttributes = {
					EE5559AF1A65830F00A11A03 = {
						CreatedOnToolsVersion = 6.1.1;
					};
					EE5559C41A65831000A11A03 = {
						CreatedOnToolsVersion = 6.1.1;
						TestTargetID = EE5559AF1A65830F00A11A03;
					};
				};
			};
			buildConfigurationList = EE5559AB1A65830F00A11A03 /* Build configuration list for PBXProject "CircleProgressViewSample" */;
			compatibilityVersion = "Xcode 3.2";
			developmentRegion = English;
			hasScannedForEncodings = 0;
			knownRegions = (
				en,
				Base,
			);
			mainGroup = EE5559A71A65830F00A11A03;
			productRefGroup = EE5559B11A65830F00A11A03 /* Products */;
			projectDirPath = "";
			projectRoot = "";
			targets = (
				EE5559AF1A65830F00A11A03 /* CircleProgressViewSample */,
				EE5559C41A65831000A11A03 /* CircleProgressViewSampleTests */,
			);
		};
/* End PBXProject section */

/* Begin PBXResourcesBuildPhase section */
		EE5559AE1A65830F00A11A03 /* Resources */ = {
			isa = PBXResourcesBuildPhase;
			buildActionMask = 2147483647;
			files = (
				EE5559BB1A65830F00A11A03 /* Main.storyboard in Resources */,
				EE5559C01A65830F00A11A03 /* LaunchScreen.xib in Resources */,
				EE5559BD1A65830F00A11A03 /* Images.xcassets in Resources */,
			);
			runOnlyForDeploymentPostprocessing = 0;
		};
		EE5559C31A65831000A11A03 /* Resources */ = {
			isa = PBXResourcesBuildPhase;
			buildActionMask = 2147483647;
			files = (
			);
			runOnlyForDeploymentPostprocessing = 0;
		};
/* End PBXResourcesBuildPhase section */

/* Begin PBXSourcesBuildPhase section */
		EE5559AC1A65830F00A11A03 /* Sources */ = {
			isa = PBXSourcesBuildPhase;
			buildActionMask = 2147483647;
			files = (
				EE5559B81A65830F00A11A03 /* ViewController.swift in Sources */,
				EE5559B61A65830F00A11A03 /* AppDelegate.swift in Sources */,
			);
			runOnlyForDeploymentPostprocessing = 0;
		};
		EE5559C11A65831000A11A03 /* Sources */ = {
			isa = PBXSourcesBuildPhase;
			buildActionMask = 2147483647;
			files = (
				EE5559CC1A65831000A11A03 /* CircleProgressViewSampleTests.swift in Sources */,
			);
			runOnlyForDeploymentPostprocessing = 0;
		};
/* End PBXSourcesBuildPhase section */

/* Begin PBXTargetDependency section */
		EE5559C71A65831000A11A03 /* PBXTargetDependency */ = {
			isa = PBXTargetDependency;
			target = EE5559AF1A65830F00A11A03 /* CircleProgressViewSample */;
			targetProxy = EE5559C61A65831000A11A03 /* PBXContainerItemProxy */;
		};
/* End PBXTargetDependency section */

/* Begin PBXVariantGroup section */
		EE5559B91A65830F00A11A03 /* Main.storyboard */ = {
			isa = PBXVariantGroup;
			children = (
				EE5559BA1A65830F00A11A03 /* Base */,
			);
			name = Main.storyboard;
			sourceTree = "<group>";
		};
		EE5559BE1A65830F00A11A03 /* LaunchScreen.xib */ = {
			isa = PBXVariantGroup;
			children = (
				EE5559BF1A65830F00A11A03 /* Base */,
			);
			name = LaunchScreen.xib;
			sourceTree = "<group>";
		};
/* End PBXVariantGroup section */

/* Begin XCBuildConfiguration section */
		EE5559CD1A65831000A11A03 /* Debug */ = {
			isa = XCBuildConfiguration;
			buildSettings = {
				ALWAYS_SEARCH_USER_PATHS = NO;
				CLANG_CXX_LANGUAGE_STANDARD = "gnu++0x";
				CLANG_CXX_LIBRARY = "libc++";
				CLANG_ENABLE_MODULES = YES;
				CLANG_ENABLE_OBJC_ARC = YES;
				CLANG_WARN_BOOL_CONVERSION = YES;
				CLANG_WARN_CONSTANT_CONVERSION = YES;
				CLANG_WARN_DIRECT_OBJC_ISA_USAGE = YES_ERROR;
				CLANG_WARN_EMPTY_BODY = YES;
				CLANG_WARN_ENUM_CONVERSION = YES;
				CLANG_WARN_INT_CONVERSION = YES;
				CLANG_WARN_OBJC_ROOT_CLASS = YES_ERROR;
				CLANG_WARN_UNREACHABLE_CODE = YES;
				CLANG_WARN__DUPLICATE_METHOD_MATCH = YES;
				"CODE_SIGN_IDENTITY[sdk=iphoneos*]" = "iPhone Developer";
				COPY_PHASE_STRIP = NO;
				ENABLE_STRICT_OBJC_MSGSEND = YES;
				GCC_C_LANGUAGE_STANDARD = gnu99;
				GCC_DYNAMIC_NO_PIC = NO;
				GCC_OPTIMIZATION_LEVEL = 0;
				GCC_PREPROCESSOR_DEFINITIONS = (
					"DEBUG=1",
					"$(inherited)",
				);
				GCC_SYMBOLS_PRIVATE_EXTERN = NO;
				GCC_WARN_64_TO_32_BIT_CONVERSION = YES;
				GCC_WARN_ABOUT_RETURN_TYPE = YES_ERROR;
				GCC_WARN_UNDECLARED_SELECTOR = YES;
				GCC_WARN_UNINITIALIZED_AUTOS = YES_AGGRESSIVE;
				GCC_WARN_UNUSED_FUNCTION = YES;
				GCC_WARN_UNUSED_VARIABLE = YES;
				IPHONEOS_DEPLOYMENT_TARGET = 8.1;
				MTL_ENABLE_DEBUG_INFO = YES;
				ONLY_ACTIVE_ARCH = YES;
				SDKROOT = iphoneos;
				SWIFT_OPTIMIZATION_LEVEL = "-Onone";
			};
			name = Debug;
		};
		EE5559CE1A65831000A11A03 /* Release */ = {
			isa = XCBuildConfiguration;
			buildSettings = {
				ALWAYS_SEARCH_USER_PATHS = NO;
				CLANG_CXX_LANGUAGE_STANDARD = "gnu++0x";
				CLANG_CXX_LIBRARY = "libc++";
				CLANG_ENABLE_MODULES = YES;
				CLANG_ENABLE_OBJC_ARC = YES;
				CLANG_WARN_BOOL_CONVERSION = YES;
				CLANG_WARN_CONSTANT_CONVERSION = YES;
				CLANG_WARN_DIRECT_OBJC_ISA_USAGE = YES_ERROR;
				CLANG_WARN_EMPTY_BODY = YES;
				CLANG_WARN_ENUM_CONVERSION = YES;
				CLANG_WARN_INT_CONVERSION = YES;
				CLANG_WARN_OBJC_ROOT_CLASS = YES_ERROR;
				CLANG_WARN_UNREACHABLE_CODE = YES;
				CLANG_WARN__DUPLICATE_METHOD_MATCH = YES;
				"CODE_SIGN_IDENTITY[sdk=iphoneos*]" = "iPhone Developer";
				COPY_PHASE_STRIP = YES;
				ENABLE_NS_ASSERTIONS = NO;
				ENABLE_STRICT_OBJC_MSGSEND = YES;
				GCC_C_LANGUAGE_STANDARD = gnu99;
				GCC_WARN_64_TO_32_BIT_CONVERSION = YES;
				GCC_WARN_ABOUT_RETURN_TYPE = YES_ERROR;
				GCC_WARN_UNDECLARED_SELECTOR = YES;
				GCC_WARN_UNINITIALIZED_AUTOS = YES_AGGRESSIVE;
				GCC_WARN_UNUSED_FUNCTION = YES;
				GCC_WARN_UNUSED_VARIABLE = YES;
				IPHONEOS_DEPLOYMENT_TARGET = 8.1;
				MTL_ENABLE_DEBUG_INFO = NO;
				SDKROOT = iphoneos;
				VALIDATE_PRODUCT = YES;
			};
			name = Release;
		};
		EE5559D01A65831000A11A03 /* Debug */ = {
			isa = XCBuildConfiguration;
			buildSettings = {
				ASSETCATALOG_COMPILER_APPICON_NAME = AppIcon;
				INFOPLIST_FILE = CircleProgressViewSample/Info.plist;
				LD_RUNPATH_SEARCH_PATHS = "$(inherited) @executable_path/Frameworks";
				PRODUCT_NAME = "$(TARGET_NAME)";
			};
			name = Debug;
		};
		EE5559D11A65831000A11A03 /* Release */ = {
			isa = XCBuildConfiguration;
			buildSettings = {
				ASSETCATALOG_COMPILER_APPICON_NAME = AppIcon;
				INFOPLIST_FILE = CircleProgressViewSample/Info.plist;
				LD_RUNPATH_SEARCH_PATHS = "$(inherited) @executable_path/Frameworks";
				PRODUCT_NAME = "$(TARGET_NAME)";
			};
			name = Release;
		};
		EE5559D31A65831000A11A03 /* Debug */ = {
			isa = XCBuildConfiguration;
			buildSettings = {
				BUNDLE_LOADER = "$(TEST_HOST)";
				FRAMEWORK_SEARCH_PATHS = (
					"$(SDKROOT)/Developer/Library/Frameworks",
					"$(inherited)",
				);
				GCC_PREPROCESSOR_DEFINITIONS = (
					"DEBUG=1",
					"$(inherited)",
				);
				INFOPLIST_FILE = CircleProgressViewSampleTests/Info.plist;
				LD_RUNPATH_SEARCH_PATHS = "$(inherited) @executable_path/Frameworks @loader_path/Frameworks";
				PRODUCT_NAME = "$(TARGET_NAME)";
				TEST_HOST = "$(BUILT_PRODUCTS_DIR)/CircleProgressViewSample.app/CircleProgressViewSample";
			};
			name = Debug;
		};
		EE5559D41A65831000A11A03 /* Release */ = {
			isa = XCBuildConfiguration;
			buildSettings = {
				BUNDLE_LOADER = "$(TEST_HOST)";
				FRAMEWORK_SEARCH_PATHS = (
					"$(SDKROOT)/Developer/Library/Frameworks",
					"$(inherited)",
				);
				INFOPLIST_FILE = CircleProgressViewSampleTests/Info.plist;
				LD_RUNPATH_SEARCH_PATHS = "$(inherited) @executable_path/Frameworks @loader_path/Frameworks";
				PRODUCT_NAME = "$(TARGET_NAME)";
				TEST_HOST = "$(BUILT_PRODUCTS_DIR)/CircleProgressViewSample.app/CircleProgressViewSample";
			};
			name = Release;
		};
/* End XCBuildConfiguration section */

/* Begin XCConfigurationList section */
		EE5559AB1A65830F00A11A03 /* Build configuration list for PBXProject "CircleProgressViewSample" */ = {
			isa = XCConfigurationList;
			buildConfigurations = (
				EE5559CD1A65831000A11A03 /* Debug */,
				EE5559CE1A65831000A11A03 /* Release */,
			);
			defaultConfigurationIsVisible = 0;
			defaultConfigurationName = Release;
		};
		EE5559CF1A65831000A11A03 /* Build configuration list for PBXNativeTarget "CircleProgressViewSample" */ = {
			isa = XCConfigurationList;
			buildConfigurations = (
				EE5559D01A65831000A11A03 /* Debug */,
				EE5559D11A65831000A11A03 /* Release */,
			);
			defaultConfigurationIsVisible = 0;
		};
		EE5559D21A65831000A11A03 /* Build configuration list for PBXNativeTarget "CircleProgressViewSampleTests" */ = {
			isa = XCConfigurationList;
			buildConfigurations = (
				EE5559D31A65831000A11A03 /* Debug */,
				EE5559D41A65831000A11A03 /* Release */,
			);
			defaultConfigurationIsVisible = 0;
		};
/* End XCConfigurationList section */
	};
	rootObject = EE5559A81A65830F00A11A03 /* Project object */;
}
